{
  "name": "bench-simple-lru",
  "version": "1.0.0",
  "lockfileVersion": 1,
  "requires": true,
  "dependencies": {
    "lru_cache": {
      "version": "1.0.2",
      "resolved": "https://registry.npmjs.org/lru_cache/-/lru_cache-1.0.2.tgz",
      "integrity": "sha1-q3aI4/9+JRYu/Chtp3U4E6Opqgc=",
      "dev": true
    },
    "precise": {
      "version": "1.1.0",
      "resolved": "https://registry.npmjs.org/precise/-/precise-1.1.0.tgz",
      "integrity": "sha1-9z45LrFDx6TQhKhxusr6BlwYib8=",
      "dev": true
    },
    "retsu": {
      "version": "3.0.2",
      "resolved": "https://registry.npmjs.org/retsu/-/retsu-3.0.2.tgz",
      "integrity": "sha512-PfGXkRoUdj4/XVVHSGEtdqKub0AIvtTBWYMGTBNJELj3nFME9YDmdeJIv43x7kyoyWiV1HRAX9rfhxXMs9mBWQ==",
      "dev": true
    },
    "simple-lru-cache": {
      "version": "0.0.2",
      "resolved": "https://registry.npmjs.org/simple-lru-cache/-/simple-lru-cache-0.0.2.tgz",
      "integrity": "sha1-1ZzDoZPBpdAyD4Tucy9uRxPlEd0=",
      "dev": true
    },
    "typescript": {
      "version": "3.1.2",
      "resolved": "https://registry.npmjs.org/typescript/-/typescript-3.1.2.tgz",
      "integrity": "sha512-gOoGJWbNnFAfP9FlrSV63LYD5DJqYJHG5ky1kOXSl3pCImn4rqWy/flyq1BRd4iChQsoCqjbQaqtmXO4yCVPCA==",
      "dev": true
    }
  }
}
